
Microsoft Visual Studio Solution File, Format Version 12.00
Project("{FAE04EC0-301F-11D3-BF4B-00C04F79EFBC}") = "1_BudgetAPIProject", "1_BudgetAPIProject\1_BudgetAPIProject.csproj", "{C47C3B3A-7613-4767-BD88-B1DB423D4632}"
EndProject
Project("{FAE04EC0-301F-11D3-BF4B-00C04F79EFBC}") = "1_BudgetAPIProject.Tests", "1_BudgetAPIProject.Tests\1_BudgetAPIProject.Tests.csproj", "{B937125B-A58C-41C9-BC23-A3C62D65666E}"
EndProject
Global
	GlobalSection(SolutionConfigurationPlatforms) = preSolution
		Debug|Any CPU = Debug|Any CPU
		Release|Any CPU = Release|Any CPU
	EndGlobalSection
	GlobalSection(ProjectConfigurationPlatforms) = postSolution
		{C47C3B3A-7613-4767-BD88-B1DB423D4632}.Debug|Any CPU.ActiveCfg = Debug|Any CPU
		{C47C3B3A-7613-4767-BD88-B1DB423D4632}.Debug|Any CPU.Build.0 = Debug|Any CPU
		{C47C3B3A-7613-4767-BD88-B1DB423D4632}.Release|Any CPU.ActiveCfg = Release|Any CPU
		{C47C3B3A-7613-4767-BD88-B1DB423D4632}.Release|Any CPU.Build.0 = Release|Any CPU
		{B937125B-A58C-41C9-BC23-A3C62D65666E}.Debug|Any CPU.ActiveCfg = Debug|Any CPU
		{B937125B-A58C-41C9-BC23-A3C62D65666E}.Debug|Any CPU.Build.0 = Debug|Any CPU
		{B937125B-A58C-41C9-BC23-A3C62D65666E}.Release|Any CPU.ActiveCfg = Release|Any CPU
		{B937125B-A58C-41C9-BC23-A3C62D65666E}.Release|Any CPU.Build.0 = Release|Any CPU
	EndGlobalSection
EndGlobal
